
Microsoft Visual Studio Solution File, Format Version 12.00
# Visual Studio Version 16
VisualStudioVersion = 16.0.31911.196
MinimumVisualStudioVersion = 10.0.40219.1
Project("{9A19103F-16F7-4668-BE54-9A1E7A4F7556}") = "Arithmetic", "Arithmetic\Arithmetic.csproj", "{FDA0C543-8130-478F-A759-B18443AB6E38}"
EndProject
Project("{FAE04EC0-301F-11D3-BF4B-00C04F79EFBC}") = "Decoder", "Decoder\Decoder.csproj", "{12DA4A57-DA18-46A2-9420-CE9E9B29CE6C}"
EndProject
Global
	GlobalSection(SolutionConfigurationPlatforms) = preSolution
		Debug|Any CPU = Debug|Any CPU
		Release|Any CPU = Release|Any CPU
	EndGlobalSection
	GlobalSection(ProjectConfigurationPlatforms) = postSolution
		{FDA0C543-8130-478F-A759-B18443AB6E38}.Debug|Any CPU.ActiveCfg = Debug|Any CPU
		{FDA0C543-8130-478F-A759-B18443AB6E38}.Debug|Any CPU.Build.0 = Debug|Any CPU
		{FDA0C543-8130-478F-A759-B18443AB6E38}.Release|Any CPU.ActiveCfg = Release|Any CPU
		{FDA0C543-8130-478F-A759-B18443AB6E38}.Release|Any CPU.Build.0 = Release|Any CPU
		{12DA4A57-DA18-46A2-9420-CE9E9B29CE6C}.Debug|Any CPU.ActiveCfg = Debug|Any CPU
		{12DA4A57-DA18-46A2-9420-CE9E9B29CE6C}.Debug|Any CPU.Build.0 = Debug|Any CPU
		{12DA4A57-DA18-46A2-9420-CE9E9B29CE6C}.Release|Any CPU.ActiveCfg = Release|Any CPU
		{12DA4A57-DA18-46A2-9420-CE9E9B29CE6C}.Release|Any CPU.Build.0 = Release|Any CPU
	EndGlobalSection
	GlobalSection(SolutionProperties) = preSolution
		HideSolutionNode = FALSE
	EndGlobalSection
	GlobalSection(ExtensibilityGlobals) = postSolution
		SolutionGuid = {94DFE1E4-DBC3-4C1A-8BFF-979DE812CAB5}
	EndGlobalSection
EndGlobal
